
Microsoft Visual Studio Solution File, Format Version 12.00
# Visual Studio Version 16
VisualStudioVersion = 16.0.33801.447
MinimumVisualStudioVersion = 10.0.40219.1
Project("{FAE04EC0-301F-11D3-BF4B-00C04F79EFBC}") = "ExzamenAnikiew", "ExzamenAnikiew\ExzamenAnikiew.csproj", "{C62DBB68-7014-4A13-A612-1DE0815CF2BA}"
EndProject
Global
	GlobalSection(SolutionConfigurationPlatforms) = preSolution
		Debug|Any CPU = Debug|Any CPU
		Release|Any CPU = Release|Any CPU
	EndGlobalSection
	GlobalSection(ProjectConfigurationPlatforms) = postSolution
		{C62DBB68-7014-4A13-A612-1DE0815CF2BA}.Debug|Any CPU.ActiveCfg = Debug|Any CPU
		{C62DBB68-7014-4A13-A612-1DE0815CF2BA}.Debug|Any CPU.Build.0 = Debug|Any CPU
		{C62DBB68-7014-4A13-A612-1DE0815CF2BA}.Release|Any CPU.ActiveCfg = Release|Any CPU
		{C62DBB68-7014-4A13-A612-1DE0815CF2BA}.Release|Any CPU.Build.0 = Release|Any CPU
	EndGlobalSection
	GlobalSection(SolutionProperties) = preSolution
		HideSolutionNode = FALSE
	EndGlobalSection
	GlobalSection(ExtensibilityGlobals) = postSolution
		SolutionGuid = {A4145816-E0BD-4528-916A-FB5D5A7CF76E}
	EndGlobalSection
EndGlobal
